{
  "name": "wx-bluetooth",
  "version": "0.0.1",
  "lockfileVersion": 1,
  "requires": true,
  "dependencies": {
    "eventemitter2": {
      "version": "6.4.4",
      "resolved": "https://registry.npmjs.org/eventemitter2/-/eventemitter2-6.4.4.tgz",
      "integrity": "sha512-HLU3NDY6wARrLCEwyGKRBvuWYyvW6mHYv72SJJAH3iJN3a6eVUvkjFkcxah1bcTgGVBBrFdIopBJPhCQFMLyXw=="
    },
    "jt-helpers": {
      "version": "1.0.1",
      "resolved": "https://registry.npmjs.org/jt-helpers/-/jt-helpers-1.0.1.tgz",
      "integrity": "sha512-PXr1+ZVXjy+UZbO6lSfXieW/vo7mPAPz05r1IG4t+HcwwTC31DuGbovsCCl2vUuEiwdKP9AIOqIeFMLzLuCnNg=="
    }
  }
}
